// !$*UTF8*$!
{
	archiveVersion = 1;
	classes = {
	};
	objectVersion = 50;
	objects = {

/* Begin PBXBuildFile section */
		B6F912338667CBE71914A9A9 /* Pods_originalApp.framework in Frameworks */ = {isa = PBXBuildFile; fileRef = A07801C551705D9BC3145377 /* Pods_originalApp.framework */; };
		E6190D1F22B0D7B900000C8A /* UserData.swift in Sources */ = {isa = PBXBuildFile; fileRef = E6190D1E22B0D7B900000C8A /* UserData.swift */; };
		E660C11D22A0B64500C42D49 /* AppDelegate.swift in Sources */ = {isa = PBXBuildFile; fileRef = E660C11C22A0B64500C42D49 /* AppDelegate.swift */; };
		E660C11F22A0B64500C42D49 /* ViewController.swift in Sources */ = {isa = PBXBuildFile; fileRef = E660C11E22A0B64500C42D49 /* ViewController.swift */; };
		E660C12222A0B64500C42D49 /* Main.storyboard in Resources */ = {isa = PBXBuildFile; fileRef = E660C12022A0B64500C42D49 /* Main.storyboard */; };
		E660C12422A0B64900C42D49 /* Assets.xcassets in Resources */ = {isa = PBXBuildFile; fileRef = E660C12322A0B64900C42D49 /* Assets.xcassets */; };
		E660C12722A0B64900C42D49 /* LaunchScreen.storyboard in Resources */ = {isa = PBXBuildFile; fileRef = E660C12522A0B64900C42D49 /* LaunchScreen.storyboard */; };
		E671619522A75ADE0057C7BF /* PostViewController.swift in Sources */ = {isa = PBXBuildFile; fileRef = E671619422A75ADE0057C7BF /* PostViewController.swift */; };
		E671619722A75B090057C7BF /* SearchViewController.swift in Sources */ = {isa = PBXBuildFile; fileRef = E671619622A75B090057C7BF /* SearchViewController.swift */; };
		E671619922A75B3D0057C7BF /* LoginViewController.swift in Sources */ = {isa = PBXBuildFile; fileRef = E671619822A75B3D0057C7BF /* LoginViewController.swift */; };
		E671619B22A75B600057C7BF /* ImageSelectViewController.swift in Sources */ = {isa = PBXBuildFile; fileRef = E671619A22A75B600057C7BF /* ImageSelectViewController.swift */; };
		E671619D22A75B7A0057C7BF /* SettingViewController.swift in Sources */ = {isa = PBXBuildFile; fileRef = E671619C22A75B7A0057C7BF /* SettingViewController.swift */; };
		E6D727C922A75FC800DEE2A6 /* GoogleService-Info.plist in Resources */ = {isa = PBXBuildFile; fileRef = E671619222A754A80057C7BF /* GoogleService-Info.plist */; };
		E6D727CB22A8AA1300DEE2A6 /* PostData.swift in Sources */ = {isa = PBXBuildFile; fileRef = E6D727CA22A8AA1300DEE2A6 /* PostData.swift */; };
		E6D727CF22A8AB9700DEE2A6 /* PostTableViewCell.swift in Sources */ = {isa = PBXBuildFile; fileRef = E6D727CD22A8AB9700DEE2A6 /* PostTableViewCell.swift */; };
		E6D727D022A8AB9700DEE2A6 /* PostTableViewCell.xib in Resources */ = {isa = PBXBuildFile; fileRef = E6D727CE22A8AB9700DEE2A6 /* PostTableViewCell.xib */; };
		E6D727D222A8E4E800DEE2A6 /* Const.swift in Sources */ = {isa = PBXBuildFile; fileRef = E6D727D122A8E4E800DEE2A6 /* Const.swift */; };
		E6D727D422AA2C4500DEE2A6 /* MypageCollectionViewController.swift in Sources */ = {isa = PBXBuildFile; fileRef = E6D727D322AA2C4500DEE2A6 /* MypageCollectionViewController.swift */; };
/* End PBXBuildFile section */

/* Begin PBXFileReference section */
		4F5FBB5B479CB58917B510BC /* Pods-originalApp.debug.xcconfig */ = {isa = PBXFileReference; includeInIndex = 1; lastKnownFileType = text.xcconfig; name = "Pods-originalApp.debug.xcconfig"; path = "Target Support Files/Pods-originalApp/Pods-originalApp.debug.xcconfig"; sourceTree = "<group>"; };
		A07801C551705D9BC3145377 /* Pods_originalApp.framework */ = {isa = PBXFileReference; explicitFileType = wrapper.framework; includeInIndex = 0; path = Pods_originalApp.framework; sourceTree = BUILT_PRODUCTS_DIR; };
		CD7CAB4E53704323B9F72E8C /* Pods-originalApp.release.xcconfig */ = {isa = PBXFileReference; includeInIndex = 1; lastKnownFileType = text.xcconfig; name = "Pods-originalApp.release.xcconfig"; path = "Target Support Files/Pods-originalApp/Pods-originalApp.release.xcconfig"; sourceTree = "<group>"; };
		E6190D1E22B0D7B900000C8A /* UserData.swift */ = {isa = PBXFileReference; lastKnownFileType = sourcecode.swift; path = UserData.swift; sourceTree = "<group>"; };
		E660C11922A0B64500C42D49 /* originalApp.app */ = {isa = PBXFileReference; explicitFileType = wrapper.application; includeInIndex = 0; path = originalApp.app; sourceTree = BUILT_PRODUCTS_DIR; };
		E660C11C22A0B64500C42D49 /* AppDelegate.swift */ = {isa = PBXFileReference; lastKnownFileType = sourcecode.swift; path = AppDelegate.swift; sourceTree = "<group>"; };
		E660C11E22A0B64500C42D49 /* ViewController.swift */ = {isa = PBXFileReference; lastKnownFileType = sourcecode.swift; path = ViewController.swift; sourceTree = "<group>"; };
		E660C12122A0B64500C42D49 /* Base */ = {isa = PBXFileReference; lastKnownFileType = file.storyboard; name = Base; path = Base.lproj/Main.storyboard; sourceTree = "<group>"; };
		E660C12322A0B64900C42D49 /* Assets.xcassets */ = {isa = PBXFileReference; lastKnownFileType = folder.assetcatalog; path = Assets.xcassets; sourceTree = "<group>"; };
		E660C12622A0B64900C42D49 /* Base */ = {isa = PBXFileReference; lastKnownFileType = file.storyboard; name = Base; path = Base.lproj/LaunchScreen.storyboard; sourceTree = "<group>"; };
		E660C12822A0B64900C42D49 /* Info.plist */ = {isa = PBXFileReference; lastKnownFileType = text.plist.xml; path = Info.plist; sourceTree = "<group>"; };
		E671619222A754A80057C7BF /* GoogleService-Info.plist */ = {isa = PBXFileReference; fileEncoding = 4; lastKnownFileType = text.plist.xml; path = "GoogleService-Info.plist"; sourceTree = "<group>"; };
		E671619422A75ADE0057C7BF /* PostViewController.swift */ = {isa = PBXFileReference; lastKnownFileType = sourcecode.swift; path = PostViewController.swift; sourceTree = "<group>"; };
		E671619622A75B090057C7BF /* SearchViewController.swift */ = {isa = PBXFileReference; lastKnownFileType = sourcecode.swift; path = SearchViewController.swift; sourceTree = "<group>"; };
		E671619822A75B3D0057C7BF /* LoginViewController.swift */ = {isa = PBXFileReference; lastKnownFileType = sourcecode.swift; path = LoginViewController.swift; sourceTree = "<group>"; };
		E671619A22A75B600057C7BF /* ImageSelectViewController.swift */ = {isa = PBXFileReference; lastKnownFileType = sourcecode.swift; path = ImageSelectViewController.swift; sourceTree = "<group>"; };
		E671619C22A75B7A0057C7BF /* SettingViewController.swift */ = {isa = PBXFileReference; lastKnownFileType = sourcecode.swift; path = SettingViewController.swift; sourceTree = "<group>"; };
		E6D727CA22A8AA1300DEE2A6 /* PostData.swift */ = {isa = PBXFileReference; lastKnownFileType = sourcecode.swift; path = PostData.swift; sourceTree = "<group>"; };
		E6D727CD22A8AB9700DEE2A6 /* PostTableViewCell.swift */ = {isa = PBXFileReference; lastKnownFileType = sourcecode.swift; path = PostTableViewCell.swift; sourceTree = "<group>"; };
		E6D727CE22A8AB9700DEE2A6 /* PostTableViewCell.xib */ = {isa = PBXFileReference; lastKnownFileType = file.xib; path = PostTableViewCell.xib; sourceTree = "<group>"; };
		E6D727D122A8E4E800DEE2A6 /* Const.swift */ = {isa = PBXFileReference; lastKnownFileType = sourcecode.swift; path = Const.swift; sourceTree = "<group>"; };
		E6D727D322AA2C4500DEE2A6 /* MypageCollectionViewController.swift */ = {isa = PBXFileReference; lastKnownFileType = sourcecode.swift; path = MypageCollectionViewController.swift; sourceTree = "<group>"; };
/* End PBXFileReference section */

/* Begin PBXFrameworksBuildPhase section */
		E660C11622A0B64500C42D49 /* Frameworks */ = {
			isa = PBXFrameworksBuildPhase;
			buildActionMask = 2147483647;
			files = (
				B6F912338667CBE71914A9A9 /* Pods_originalApp.framework in Frameworks */,
			);
			runOnlyForDeploymentPostprocessing = 0;
		};
/* End PBXFrameworksBuildPhase section */

/* Begin PBXGroup section */
		812405FE8FBB69548A932306 /* Pods */ = {
			isa = PBXGroup;
			children = (
				4F5FBB5B479CB58917B510BC /* Pods-originalApp.debug.xcconfig */,
				CD7CAB4E53704323B9F72E8C /* Pods-originalApp.release.xcconfig */,
			);
			path = Pods;
			sourceTree = "<group>";
		};
		D5784E1C6F450A7F36988637 /* Frameworks */ = {
			isa = PBXGroup;
			children = (
				A07801C551705D9BC3145377 /* Pods_originalApp.framework */,
			);
			name = Frameworks;
			sourceTree = "<group>";
		};
		E660C11022A0B64500C42D49 = {
			isa = PBXGroup;
			children = (
				E660C11B22A0B64500C42D49 /* originalApp */,
				E660C11A22A0B64500C42D49 /* Products */,
				812405FE8FBB69548A932306 /* Pods */,
				D5784E1C6F450A7F36988637 /* Frameworks */,
			);
			sourceTree = "<group>";
		};
		E660C11A22A0B64500C42D49 /* Products */ = {
			isa = PBXGroup;
			children = (
				E660C11922A0B64500C42D49 /* originalApp.app */,
			);
			name = Products;
			sourceTree = "<group>";
		};
		E660C11B22A0B64500C42D49 /* originalApp */ = {
			isa = PBXGroup;
			children = (
				E660C12022A0B64500C42D49 /* Main.storyboard */,
				E660C12322A0B64900C42D49 /* Assets.xcassets */,
				E660C12522A0B64900C42D49 /* LaunchScreen.storyboard */,
				E660C12822A0B64900C42D49 /* Info.plist */,
				E660C11C22A0B64500C42D49 /* AppDelegate.swift */,
				E660C11E22A0B64500C42D49 /* ViewController.swift */,
				E671619822A75B3D0057C7BF /* LoginViewController.swift */,
				E671619A22A75B600057C7BF /* ImageSelectViewController.swift */,
				E671619622A75B090057C7BF /* SearchViewController.swift */,
				E671619422A75ADE0057C7BF /* PostViewController.swift */,
				E6D727D322AA2C4500DEE2A6 /* MypageCollectionViewController.swift */,
				E671619C22A75B7A0057C7BF /* SettingViewController.swift */,
				E6D727D122A8E4E800DEE2A6 /* Const.swift */,
				E6D727CA22A8AA1300DEE2A6 /* PostData.swift */,
				E6190D1E22B0D7B900000C8A /* UserData.swift */,
				E6D727CD22A8AB9700DEE2A6 /* PostTableViewCell.swift */,
				E6D727CE22A8AB9700DEE2A6 /* PostTableViewCell.xib */,
				E671619222A754A80057C7BF /* GoogleService-Info.plist */,
			);
			path = originalApp;
			sourceTree = "<group>";
		};
/* End PBXGroup section */

/* Begin PBXNativeTarget section */
		E660C11822A0B64500C42D49 /* originalApp */ = {
			isa = PBXNativeTarget;
			buildConfigurationList = E660C12B22A0B64900C42D49 /* Build configuration list for PBXNativeTarget "originalApp" */;
			buildPhases = (
				60974D1EFAF8CEB3E3ADD36F /* [CP] Check Pods Manifest.lock */,
				E660C11522A0B64500C42D49 /* Sources */,
				E660C11622A0B64500C42D49 /* Frameworks */,
				E660C11722A0B64500C42D49 /* Resources */,
				FB90C4D9F0DC16A0EB968481 /* [CP] Embed Pods Frameworks */,
			);
			buildRules = (
			);
			dependencies = (
			);
			name = originalApp;
			productName = originalApp;
			productReference = E660C11922A0B64500C42D49 /* originalApp.app */;
			productType = "com.apple.product-type.application";
		};
/* End PBXNativeTarget section */

/* Begin PBXProject section */
		E660C11122A0B64500C42D49 /* Project object */ = {
			isa = PBXProject;
			attributes = {
				LastSwiftUpdateCheck = 1010;
				LastUpgradeCheck = 1010;
				ORGANIZATIONNAME = reika.kikuchi;
				TargetAttributes = {
					E660C11822A0B64500C42D49 = {
						CreatedOnToolsVersion = 10.1;
					};
				};
			};
			buildConfigurationList = E660C11422A0B64500C42D49 /* Build configuration list for PBXProject "originalApp" */;
			compatibilityVersion = "Xcode 9.3";
			developmentRegion = en;
			hasScannedForEncodings = 0;
			knownRegions = (
				en,
				Base,
			);
			mainGroup = E660C11022A0B64500C42D49;
			productRefGroup = E660C11A22A0B64500C42D49 /* Products */;
			projectDirPath = "";
			projectRoot = "";
			targets = (
				E660C11822A0B64500C42D49 /* originalApp */,
			);
		};
/* End PBXProject section */

/* Begin PBXResourcesBuildPhase section */
		E660C11722A0B64500C42D49 /* Resources */ = {
			isa = PBXResourcesBuildPhase;
			buildActionMask = 2147483647;
			files = (
				E660C12722A0B64900C42D49 /* LaunchScreen.storyboard in Resources */,
				E6D727D022A8AB9700DEE2A6 /* PostTableViewCell.xib in Resources */,
				E660C12422A0B64900C42D49 /* Assets.xcassets in Resources */,
				E660C12222A0B64500C42D49 /* Main.storyboard in Resources */,
				E6D727C922A75FC800DEE2A6 /* GoogleService-Info.plist in Resources */,
			);
			runOnlyForDeploymentPostprocessing = 0;
		};
/* End PBXResourcesBuildPhase section */

/* Begin PBXShellScriptBuildPhase section */
		60974D1EFAF8CEB3E3ADD36F /* [CP] Check Pods Manifest.lock */ = {
			isa = PBXShellScriptBuildPhase;
			buildActionMask = 2147483647;
			files = (
			);
			inputFileListPaths = (
			);
			inputPaths = (
				"${PODS_PODFILE_DIR_PATH}/Podfile.lock",
				"${PODS_ROOT}/Manifest.lock",
			);
			name = "[CP] Check Pods Manifest.lock";
			outputFileListPaths = (
			);
			outputPaths = (
				"$(DERIVED_FILE_DIR)/Pods-originalApp-checkManifestLockResult.txt",
			);
			runOnlyForDeploymentPostprocessing = 0;
			shellPath = /bin/sh;
			shellScript = "diff \"${PODS_PODFILE_DIR_PATH}/Podfile.lock\" \"${PODS_ROOT}/Manifest.lock\" > /dev/null\nif [ $? != 0 ] ; then\n    # print error to STDERR\n    echo \"error: The sandbox is not in sync with the Podfile.lock. Run 'pod install' or update your CocoaPods installation.\" >&2\n    exit 1\nfi\n# This output is used by Xcode 'outputs' to avoid re-running this script phase.\necho \"SUCCESS\" > \"${SCRIPT_OUTPUT_FILE_0}\"\n";
			showEnvVarsInLog = 0;
		};
		FB90C4D9F0DC16A0EB968481 /* [CP] Embed Pods Frameworks */ = {
			isa = PBXShellScriptBuildPhase;
			buildActionMask = 2147483647;
			files = (
			);
			inputFileListPaths = (
			);
			inputPaths = (
				"${PODS_ROOT}/Target Support Files/Pods-originalApp/Pods-originalApp-frameworks.sh",
				"${BUILT_PRODUCTS_DIR}/CLImageEditor/CLImageEditor.framework",
				"${BUILT_PRODUCTS_DIR}/DZNEmptyDataSet/DZNEmptyDataSet.framework",
				"${BUILT_PRODUCTS_DIR}/GTMSessionFetcher/GTMSessionFetcher.framework",
				"${BUILT_PRODUCTS_DIR}/GoogleUtilities/GoogleUtilities.framework",
				"${BUILT_PRODUCTS_DIR}/SVProgressHUD/SVProgressHUD.framework",
				"${BUILT_PRODUCTS_DIR}/leveldb-library/leveldb.framework",
				"${BUILT_PRODUCTS_DIR}/nanopb/nanopb.framework",
			);
			name = "[CP] Embed Pods Frameworks";
			outputFileListPaths = (
			);
			outputPaths = (
				"${TARGET_BUILD_DIR}/${FRAMEWORKS_FOLDER_PATH}/CLImageEditor.framework",
				"${TARGET_BUILD_DIR}/${FRAMEWORKS_FOLDER_PATH}/DZNEmptyDataSet.framework",
				"${TARGET_BUILD_DIR}/${FRAMEWORKS_FOLDER_PATH}/GTMSessionFetcher.framework",
				"${TARGET_BUILD_DIR}/${FRAMEWORKS_FOLDER_PATH}/GoogleUtilities.framework",
				"${TARGET_BUILD_DIR}/${FRAMEWORKS_FOLDER_PATH}/SVProgressHUD.framework",
				"${TARGET_BUILD_DIR}/${FRAMEWORKS_FOLDER_PATH}/leveldb.framework",
				"${TARGET_BUILD_DIR}/${FRAMEWORKS_FOLDER_PATH}/nanopb.framework",
			);
			runOnlyForDeploymentPostprocessing = 0;
			shellPath = /bin/sh;
			shellScript = "\"${PODS_ROOT}/Target Support Files/Pods-originalApp/Pods-originalApp-frameworks.sh\"\n";
			showEnvVarsInLog = 0;
		};
/* End PBXShellScriptBuildPhase section */

/* Begin PBXSourcesBuildPhase section */
		E660C11522A0B64500C42D49 /* Sources */ = {
			isa = PBXSourcesBuildPhase;
			buildActionMask = 2147483647;
			files = (
				E6D727CF22A8AB9700DEE2A6 /* PostTableViewCell.swift in Sources */,
				E671619B22A75B600057C7BF /* ImageSelectViewController.swift in Sources */,
				E671619522A75ADE0057C7BF /* PostViewController.swift in Sources */,
				E660C11F22A0B64500C42D49 /* ViewController.swift in Sources */,
				E6D727D222A8E4E800DEE2A6 /* Const.swift in Sources */,
				E671619722A75B090057C7BF /* SearchViewController.swift in Sources */,
				E6190D1F22B0D7B900000C8A /* UserData.swift in Sources */,
				E6D727CB22A8AA1300DEE2A6 /* PostData.swift in Sources */,
				E671619922A75B3D0057C7BF /* LoginViewController.swift in Sources */,
				E671619D22A75B7A0057C7BF /* SettingViewController.swift in Sources */,
				E6D727D422AA2C4500DEE2A6 /* MypageCollectionViewController.swift in Sources */,
				E660C11D22A0B64500C42D49 /* AppDelegate.swift in Sources */,
			);
			runOnlyForDeploymentPostprocessing = 0;
		};
/* End PBXSourcesBuildPhase section */

/* Begin PBXVariantGroup section */
		E660C12022A0B64500C42D49 /* Main.storyboard */ = {
			isa = PBXVariantGroup;
			children = (
				E660C12122A0B64500C42D49 /* Base */,
			);
			name = Main.storyboard;
			sourceTree = "<group>";
		};
		E660C12522A0B64900C42D49 /* LaunchScreen.storyboard */ = {
			isa = PBXVariantGroup;
			children = (
				E660C12622A0B64900C42D49 /* Base */,
			);
			name = LaunchScreen.storyboard;
			sourceTree = "<group>";
		};
/* End PBXVariantGroup section */

/* Begin XCBuildConfiguration section */
		E660C12922A0B64900C42D49 /* Debug */ = {
			isa = XCBuildConfiguration;
			buildSettings = {
				ALWAYS_SEARCH_USER_PATHS = NO;
				CLANG_ANALYZER_NONNULL = YES;
				CLANG_ANALYZER_NUMBER_OBJECT_CONVERSION = YES_AGGRESSIVE;
				CLANG_CXX_LANGUAGE_STANDARD = "gnu++14";
				CLANG_CXX_LIBRARY = "libc++";
				CLANG_ENABLE_MODULES = YES;
				CLANG_ENABLE_OBJC_ARC = YES;
				CLANG_ENABLE_OBJC_WEAK = YES;
				CLANG_WARN_BLOCK_CAPTURE_AUTORELEASING = YES;
				CLANG_WARN_BOOL_CONVERSION = YES;
				CLANG_WARN_COMMA = YES;
				CLANG_WARN_CONSTANT_CONVERSION = YES;
				CLANG_WARN_DEPRECATED_OBJC_IMPLEMENTATIONS = YES;
				CLANG_WARN_DIRECT_OBJC_ISA_USAGE = YES_ERROR;
				CLANG_WARN_DOCUMENTATION_COMMENTS = YES;
				CLANG_WARN_EMPTY_BODY = YES;
				CLANG_WARN_ENUM_CONVERSION = YES;
				CLANG_WARN_INFINITE_RECURSION = YES;
				CLANG_WARN_INT_CONVERSION = YES;
				CLANG_WARN_NON_LITERAL_NULL_CONVERSION = YES;
				CLANG_WARN_OBJC_IMPLICIT_RETAIN_SELF = YES;
				CLANG_WARN_OBJC_LITERAL_CONVERSION = YES;
				CLANG_WARN_OBJC_ROOT_CLASS = YES_ERROR;
				CLANG_WARN_RANGE_LOOP_ANALYSIS = YES;
				CLANG_WARN_STRICT_PROTOTYPES = YES;
				CLANG_WARN_SUSPICIOUS_MOVE = YES;
				CLANG_WARN_UNGUARDED_AVAILABILITY = YES_AGGRESSIVE;
				CLANG_WARN_UNREACHABLE_CODE = YES;
				CLANG_WARN__DUPLICATE_METHOD_MATCH = YES;
				CODE_SIGN_IDENTITY = "iPhone Developer";
				COPY_PHASE_STRIP = NO;
				DEBUG_INFORMATION_FORMAT = dwarf;
				ENABLE_STRICT_OBJC_MSGSEND = YES;
				ENABLE_TESTABILITY = YES;
				GCC_C_LANGUAGE_STANDARD = gnu11;
				GCC_DYNAMIC_NO_PIC = NO;
				GCC_NO_COMMON_BLOCKS = YES;
				GCC_OPTIMIZATION_LEVEL = 0;
				GCC_PREPROCESSOR_DEFINITIONS = (
					"DEBUG=1",
					"$(inherited)",
				);
				GCC_WARN_64_TO_32_BIT_CONVERSION = YES;
				GCC_WARN_ABOUT_RETURN_TYPE = YES_ERROR;
				GCC_WARN_UNDECLARED_SELECTOR = YES;
				GCC_WARN_UNINITIALIZED_AUTOS = YES_AGGRESSIVE;
				GCC_WARN_UNUSED_FUNCTION = YES;
				GCC_WARN_UNUSED_VARIABLE = YES;
				IPHONEOS_DEPLOYMENT_TARGET = 12.1;
				MTL_ENABLE_DEBUG_INFO = INCLUDE_SOURCE;
				MTL_FAST_MATH = YES;
				ONLY_ACTIVE_ARCH = YES;
				SDKROOT = iphoneos;
				SWIFT_ACTIVE_COMPILATION_CONDITIONS = DEBUG;
				SWIFT_OPTIMIZATION_LEVEL = "-Onone";
			};
			name = Debug;
		};
		E660C12A22A0B64900C42D49 /* Release */ = {
			isa = XCBuildConfiguration;
			buildSettings = {
				ALWAYS_SEARCH_USER_PATHS = NO;
				CLANG_ANALYZER_NONNULL = YES;
				CLANG_ANALYZER_NUMBER_OBJECT_CONVERSION = YES_AGGRESSIVE;
				CLANG_CXX_LANGUAGE_STANDARD = "gnu++14";
				CLANG_CXX_LIBRARY = "libc++";
				CLANG_ENABLE_MODULES = YES;
				CLANG_ENABLE_OBJC_ARC = YES;
				CLANG_ENABLE_OBJC_WEAK = YES;
				CLANG_WARN_BLOCK_CAPTURE_AUTORELEASING = YES;
				CLANG_WARN_BOOL_CONVERSION = YES;
				CLANG_WARN_COMMA = YES;
				CLANG_WARN_CONSTANT_CONVERSION = YES;
				CLANG_WARN_DEPRECATED_OBJC_IMPLEMENTATIONS = YES;
				CLANG_WARN_DIRECT_OBJC_ISA_USAGE = YES_ERROR;
				CLANG_WARN_DOCUMENTATION_COMMENTS = YES;
				CLANG_WARN_EMPTY_BODY = YES;
				CLANG_WARN_ENUM_CONVERSION = YES;
				CLANG_WARN_INFINITE_RECURSION = YES;
				CLANG_WARN_INT_CONVERSION = YES;
				CLANG_WARN_NON_LITERAL_NULL_CONVERSION = YES;
				CLANG_WARN_OBJC_IMPLICIT_RETAIN_SELF = YES;
				CLANG_WARN_OBJC_LITERAL_CONVERSION = YES;
				CLANG_WARN_OBJC_ROOT_CLASS = YES_ERROR;
				CLANG_WARN_RANGE_LOOP_ANALYSIS = YES;
				CLANG_WARN_STRICT_PROTOTYPES = YES;
				CLANG_WARN_SUSPICIOUS_MOVE = YES;
				CLANG_WARN_UNGUARDED_AVAILABILITY = YES_AGGRESSIVE;
				CLANG_WARN_UNREACHABLE_CODE = YES;
				CLANG_WARN__DUPLICATE_METHOD_MATCH = YES;
				CODE_SIGN_IDENTITY = "iPhone Developer";
				COPY_PHASE_STRIP = NO;
				DEBUG_INFORMATION_FORMAT = "dwarf-with-dsym";
				ENABLE_NS_ASSERTIONS = NO;
				ENABLE_STRICT_OBJC_MSGSEND = YES;
				GCC_C_LANGUAGE_STANDARD = gnu11;
				GCC_NO_COMMON_BLOCKS = YES;
				GCC_WARN_64_TO_32_BIT_CONVERSION = YES;
				GCC_WARN_ABOUT_RETURN_TYPE = YES_ERROR;
				GCC_WARN_UNDECLARED_SELECTOR = YES;
				GCC_WARN_UNINITIALIZED_AUTOS = YES_AGGRESSIVE;
				GCC_WARN_UNUSED_FUNCTION = YES;
				GCC_WARN_UNUSED_VARIABLE = YES;
				IPHONEOS_DEPLOYMENT_TARGET = 12.1;
				MTL_ENABLE_DEBUG_INFO = NO;
				MTL_FAST_MATH = YES;
				SDKROOT = iphoneos;
				SWIFT_COMPILATION_MODE = wholemodule;
				SWIFT_OPTIMIZATION_LEVEL = "-O";
				VALIDATE_PRODUCT = YES;
			};
			name = Release;
		};
		E660C12C22A0B64900C42D49 /* Debug */ = {
			isa = XCBuildConfiguration;
			baseConfigurationReference = 4F5FBB5B479CB58917B510BC /* Pods-originalApp.debug.xcconfig */;
			buildSettings = {
				ASSETCATALOG_COMPILER_APPICON_NAME = AppIcon;
				CODE_SIGN_IDENTITY = "iPhone Developer: SmartDeviceGr i-enter (A7QY4NQV5A)";
				CODE_SIGN_STYLE = Manual;
				DEVELOPMENT_TEAM = XLM7K96PXP;
				INFOPLIST_FILE = originalApp/Info.plist;
				IPHONEOS_DEPLOYMENT_TARGET = 11.4;
				LD_RUNPATH_SEARCH_PATHS = (
					"$(inherited)",
					"@executable_path/Frameworks",
				);
				PRODUCT_BUNDLE_IDENTIFIER = jp.techacademy.reika.kikuchi.originalApp;
				PRODUCT_NAME = "$(TARGET_NAME)";
				PROVISIONING_PROFILE_SPECIFIER = Team_DEV;
				SWIFT_VERSION = 4.2;
				TARGETED_DEVICE_FAMILY = 1;
			};
			name = Debug;
		};
		E660C12D22A0B64900C42D49 /* Release */ = {
			isa = XCBuildConfiguration;
			baseConfigurationReference = CD7CAB4E53704323B9F72E8C /* Pods-originalApp.release.xcconfig */;
			buildSettings = {
				ASSETCATALOG_COMPILER_APPICON_NAME = AppIcon;
				CODE_SIGN_IDENTITY = "iPhone Developer: SmartDeviceGr i-enter (A7QY4NQV5A)";
				CODE_SIGN_STYLE = Manual;
				DEVELOPMENT_TEAM = XLM7K96PXP;
				INFOPLIST_FILE = originalApp/Info.plist;
				IPHONEOS_DEPLOYMENT_TARGET = 11.4;
				LD_RUNPATH_SEARCH_PATHS = (
					"$(inherited)",
					"@executable_path/Frameworks",
				);
				PRODUCT_BUNDLE_IDENTIFIER = jp.techacademy.reika.kikuchi.originalApp;
				PRODUCT_NAME = "$(TARGET_NAME)";
				PROVISIONING_PROFILE_SPECIFIER = Team_DEV;
				SWIFT_VERSION = 4.2;
				TARGETED_DEVICE_FAMILY = 1;
			};
			name = Release;
		};
/* End XCBuildConfiguration section */

/* Begin XCConfigurationList section */
		E660C11422A0B64500C42D49 /* Build configuration list for PBXProject "originalApp" */ = {
			isa = XCConfigurationList;
			buildConfigurations = (
				E660C12922A0B64900C42D49 /* Debug */,
				E660C12A22A0B64900C42D49 /* Release */,
			);
			defaultConfigurationIsVisible = 0;
			defaultConfigurationName = Release;
		};
		E660C12B22A0B64900C42D49 /* Build configuration list for PBXNativeTarget "originalApp" */ = {
			isa = XCConfigurationList;
			buildConfigurations = (
				E660C12C22A0B64900C42D49 /* Debug */,
				E660C12D22A0B64900C42D49 /* Release */,
			);
			defaultConfigurationIsVisible = 0;
			defaultConfigurationName = Release;
		};
/* End XCConfigurationList section */
	};
	rootObject = E660C11122A0B64500C42D49 /* Project object */;
}
